<?xml version="1.0" encoding="utf-8"?>
<Project ToolsVersion="4.0" xmlns="http://schemas.microsoft.com/developer/msbuild/2003">
  <ItemGroup>
    <Filter Include="Resource Files">
      <UniqueIdentifier>{67DA6AB6-F800-4c08-8B7A-83BB121AAD01}</UniqueIdentifier>
      <Extensions>rc;ico;cur;bmp;dlg;rc2;rct;bin;rgs;gif;jpg;jpeg;jpe;resx;tiff;tif;png;wav;mfcribbon-ms</Extensions>
    </Filter>
    <Filter Include="Game Files">
      <UniqueIdentifier>{4FC737F1-C7A5-4376-A066-2A32D752A2FF}</UniqueIdentifier>
      <Extensions>cpp;c;cc;cxx;c++;cppm;ixx;def;odl;idl;hpj;bat;asm;asmx</Extensions>
    </Filter>
    <Filter Include="Game Files\Prefabs">
      <UniqueIdentifier>{1af6d154-8f7f-4fc2-bb1a-4911427a0879}</UniqueIdentifier>
    </Filter>
    <Filter Include="Other Files">
      <UniqueIdentifier>{93995380-89BD-4b04-88EB-625FBE52EBFB}</UniqueIdentifier>
      <Extensions>h;hh;hpp;hxx;h++;hm;inl;inc;ipp;xsd</Extensions>
    </Filter>
    <Filter Include="Game Files\Components">
      <UniqueIdentifier>{528d10a9-afaf-478c-b982-3af1740ec720}</UniqueIdentifier>
    </Filter>
  </ItemGroup>
  <ItemGroup>
    <ClCompile Include="PlayerManager.cpp">
      <Filter>Other Files</Filter>
    </ClCompile>
    <ClCompile Include="GameCommands.cpp">
      <Filter>Other Files</Filter>
    </ClCompile>
    <ClCompile Include="AIComponent.cpp">
      <Filter>Game Files\Components</Filter>
    </ClCompile>
    <ClCompile Include="GameEvents.cpp">
      <Filter>Other Files</Filter>
    </ClCompile>
    <ClCompile Include="CollisionCp.cpp">
      <Filter>Game Files\Components</Filter>
    </ClCompile>
    <ClCompile Include="SpawnPositionCp.cpp">
      <Filter>Game Files\Components</Filter>
    </ClCompile>
    <ClCompile Include="BulletManagerCp.cpp">
      <Filter>Game Files\Components</Filter>
    </ClCompile>
    <ClCompile Include="BulletCp.cpp">
      <Filter>Game Files\Components</Filter>
    </ClCompile>
    <ClCompile Include="BulletCollisionCp.cpp">
      <Filter>Game Files\Components</Filter>
    </ClCompile>
    <ClCompile Include="TronBattleTanks.cpp">
      <Filter>Game Files</Filter>
    </ClCompile>
    <ClCompile Include="UICp.cpp">
      <Filter>Game Files\Components</Filter>
    </ClCompile>
    <ClCompile Include="DerCounterCps.cpp">
      <Filter>Game Files\Components</Filter>
    </ClCompile>
    <ClCompile Include="MoveCp.cpp">
      <Filter>Game Files\Components</Filter>
    </ClCompile>
    <ClCompile Include="NameCp.cpp">
      <Filter>Game Files\Components</Filter>
    </ClCompile>
  </ItemGroup>
  <ItemGroup>
    <ClInclude Include="PlayerManager.h">
      <Filter>Other Files</Filter>
    </ClInclude>
    <ClInclude Include="GameCommands.h">
      <Filter>Other Files</Filter>
    </ClInclude>
    <ClInclude Include="AIComponent.h">
      <Filter>Game Files\Components</Filter>
    </ClInclude>
    <ClInclude Include="Sounds.h">
      <Filter>Other Files</Filter>
    </ClInclude>
    <ClInclude Include="GameEvents.h">
      <Filter>Other Files</Filter>
    </ClInclude>
    <ClInclude Include="LevelPrefab.h">
      <Filter>Game Files\Prefabs</Filter>
    </ClInclude>
    <ClInclude Include="CollisionCp.h">
      <Filter>Game Files\Components</Filter>
    </ClInclude>
    <ClInclude Include="SpawnPositionCp.h">
      <Filter>Game Files\Components</Filter>
    </ClInclude>
    <ClInclude Include="GameHelpers.h">
      <Filter>Other Files</Filter>
    </ClInclude>
    <ClInclude Include="BulletManagerCp.h">
      <Filter>Game Files\Components</Filter>
    </ClInclude>
    <ClInclude Include="BulletPrefab.h">
      <Filter>Game Files\Prefabs</Filter>
    </ClInclude>
    <ClInclude Include="BulletCp.h">
      <Filter>Game Files\Components</Filter>
    </ClInclude>
    <ClInclude Include="EnemyPrefab.h">
      <Filter>Game Files\Prefabs</Filter>
    </ClInclude>
    <ClInclude Include="BulletCollisionCp.h">
      <Filter>Game Files\Components</Filter>
    </ClInclude>
    <ClInclude Include="PlayerPrefabs.h">
      <Filter>Game Files\Prefabs</Filter>
    </ClInclude>
    <ClInclude Include="CreatePlayers.h">
      <Filter>Game Files\Prefabs</Filter>
    </ClInclude>
    <ClInclude Include="MainMenuPrefab.h">
      <Filter>Game Files\Prefabs</Filter>
    </ClInclude>
    <ClInclude Include="PlayerUIPrefab.h">
      <Filter>Game Files\Prefabs</Filter>
    </ClInclude>
    <ClInclude Include="UICp.h">
      <Filter>Game Files\Components</Filter>
    </ClInclude>
    <ClInclude Include="DerCounterCps.h">
      <Filter>Game Files\Components</Filter>
    </ClInclude>
    <ClInclude Include="MoveCp.h">
      <Filter>Game Files\Components</Filter>
    </ClInclude>
    <ClInclude Include="GameOverPrefab.h">
      <Filter>Game Files\Prefabs</Filter>
    </ClInclude>
    <ClInclude Include="NameCp.h">
      <Filter>Game Files\Components</Filter>
    </ClInclude>
  </ItemGroup>
</Project>